
Microsoft Visual Studio Solution File, Format Version 12.00
# Visual Studio Version 17
VisualStudioVersion = 17.14.37710.0 d17.14
MinimumVisualStudioVersion = 10.0.40219.1
Project("{FAE04EC0-301F-11D3-BF4B-00C04F79EFBC}") = "home assigment", "home assigment\home assigment.csproj", "{B82D6BAB-1DAA-4900-A040-AA42E9E66E96}"
EndProject
Global
	GlobalSection(SolutionConfigurationPlatforms) = preSolution
		Debug|Any CPU = Debug|Any CPU
		Release|Any CPU = Release|Any CPU
	EndGlobalSection
	GlobalSection(ProjectConfigurationPlatforms) = postSolution
		{B82D6BAB-1DAA-4900-A040-AA42E9E66E96}.Debug|Any CPU.ActiveCfg = Debug|Any CPU
		{B82D6BAB-1DAA-4900-A040-AA42E9E66E96}.Debug|Any CPU.Build.0 = Debug|Any CPU
		{B82D6BAB-1DAA-4900-A040-AA42E9E66E96}.Release|Any CPU.ActiveCfg = Release|Any CPU
		{B82D6BAB-1DAA-4900-A040-AA42E9E66E96}.Release|Any CPU.Build.0 = Release|Any CPU
	EndGlobalSection
	GlobalSection(SolutionProperties) = preSolution
		HideSolutionNode = FALSE
	EndGlobalSection
	GlobalSection(ExtensibilityGlobals) = postSolution
		SolutionGuid = {A6FE2B55-1EDD-4736-9043-572824FE9A88}
	EndGlobalSection
EndGlobal
