
Microsoft Visual Studio Solution File, Format Version 12.00
# Visual Studio Version 17
VisualStudioVersion = 17.14.37628.2 d17.14
MinimumVisualStudioVersion = 10.0.40219.1
Project("{FAE04EC0-301F-11D3-BF4B-00C04F79EFBC}") = "hi", "hi\hi.csproj", "{ED2B1393-75FE-488C-9567-3D24F29B848C}"
EndProject
Global
	GlobalSection(SolutionConfigurationPlatforms) = preSolution
		Debug|Any CPU = Debug|Any CPU
		Release|Any CPU = Release|Any CPU
	EndGlobalSection
	GlobalSection(ProjectConfigurationPlatforms) = postSolution
		{ED2B1393-75FE-488C-9567-3D24F29B848C}.Debug|Any CPU.ActiveCfg = Debug|Any CPU
		{ED2B1393-75FE-488C-9567-3D24F29B848C}.Debug|Any CPU.Build.0 = Debug|Any CPU
		{ED2B1393-75FE-488C-9567-3D24F29B848C}.Release|Any CPU.ActiveCfg = Release|Any CPU
		{ED2B1393-75FE-488C-9567-3D24F29B848C}.Release|Any CPU.Build.0 = Release|Any CPU
	EndGlobalSection
	GlobalSection(SolutionProperties) = preSolution
		HideSolutionNode = FALSE
	EndGlobalSection
	GlobalSection(ExtensibilityGlobals) = postSolution
		SolutionGuid = {EBAFE375-9112-4A33-B183-96D7EEC62926}
	EndGlobalSection
EndGlobal
